<?xml version="1.0" encoding="utf-8"?>
<Project ToolsVersion="4.0" xmlns="http://schemas.microsoft.com/developer/msbuild/2003">
  <ItemGroup>
    <Filter Include="Fichiers d%27en-tête">
      <UniqueIdentifier>{93995380-89BD-4b04-88EB-625FBE52EBFB}</UniqueIdentifier>
      <Extensions>h;hh;hpp;hxx;hm;inl;inc;xsd</Extensions>
    </Filter>
    <Filter Include="Sources">
      <UniqueIdentifier>{1eaeea18-0287-4807-b14c-840859023d2e}</UniqueIdentifier>
      <Extensions>cpp;</Extensions>
    </Filter>
    <Filter Include="Shaders">
      <UniqueIdentifier>{aa381ec5-9529-48fc-987c-ee9eb1b4e398}</UniqueIdentifier>
      <Extensions>hlsl;ps;vs</Extensions>
    </Filter>
    <Filter Include="Fichiers de ressources">
      <UniqueIdentifier>{67DA6AB6-F800-4c08-8B7A-83BB121AAD01}</UniqueIdentifier>
      <Extensions>rc;ico;cur;bmp;dlg;rc2;rct;bin;rgs;gif;jpg;jpeg;jpe;resx;tiff;tif;png;wav;mfcribbon-ms</Extensions>
    </Filter>
    <Filter Include="Sources\Elements">
      <UniqueIdentifier>{3ee02792-8150-4673-8bb7-c94404050a13}</UniqueIdentifier>
    </Filter>
    <Filter Include="Sources\Shaders">
      <UniqueIdentifier>{18e959a1-01be-40fd-b6f0-04e03398fc03}</UniqueIdentifier>
    </Filter>
    <Filter Include="Fichiers d%27en-tête\Shaders">
      <UniqueIdentifier>{cac587c0-24bb-4f26-8d28-9fb013ffe612}</UniqueIdentifier>
    </Filter>
    <Filter Include="Fichiers d%27en-tête\Elements">
      <UniqueIdentifier>{aa45698e-ed7f-4c0e-8a7e-25757e6c04ba}</UniqueIdentifier>
    </Filter>
  </ItemGroup>
  <ItemGroup>
    <ClCompile Include="d3dclass.cpp">
      <Filter>Sources</Filter>
    </ClCompile>
    <ClCompile Include="inputclass.cpp">
      <Filter>Sources</Filter>
    </ClCompile>
    <ClCompile Include="main.cpp">
      <Filter>Sources</Filter>
    </ClCompile>
    <ClCompile Include="systemclass.cpp">
      <Filter>Sources</Filter>
    </ClCompile>
    <ClCompile Include="applicationclass.cpp">
      <Filter>Sources</Filter>
    </ClCompile>
    <ClCompile Include="shadermanagerclass.cpp">
      <Filter>Sources</Filter>
    </ClCompile>
    <ClCompile Include="zoneclass.cpp">
      <Filter>Sources</Filter>
    </ClCompile>
    <ClCompile Include="colorshaderclass.cpp">
      <Filter>Sources\Shaders</Filter>
    </ClCompile>
    <ClCompile Include="lightshaderclass.cpp">
      <Filter>Sources\Shaders</Filter>
    </ClCompile>
    <ClCompile Include="textureshaderclass.cpp">
      <Filter>Sources\Shaders</Filter>
    </ClCompile>
    <ClCompile Include="cameraclass.cpp">
      <Filter>Sources\Elements</Filter>
    </ClCompile>
    <ClCompile Include="positionclass.cpp">
      <Filter>Sources\Elements</Filter>
    </ClCompile>
    <ClCompile Include="terrainclass.cpp">
      <Filter>Sources\Elements</Filter>
    </ClCompile>
    <ClCompile Include="textureclass.cpp">
      <Filter>Sources\Elements</Filter>
    </ClCompile>
    <ClCompile Include="lightclass.cpp">
      <Filter>Sources\Elements</Filter>
    </ClCompile>
    <ClCompile Include="diamondSquare.cpp">
      <Filter>Sources</Filter>
    </ClCompile>
    <ClCompile Include="texturemanagerclass.cpp">
      <Filter>Sources</Filter>
    </ClCompile>
    <ClCompile Include="timerclass.cpp">
      <Filter>Sources</Filter>
    </ClCompile>
  </ItemGroup>
  <ItemGroup>
    <ClInclude Include="systemclass.h">
      <Filter>Fichiers d%27en-tête</Filter>
    </ClInclude>
    <ClInclude Include="d3dclass.h">
      <Filter>Fichiers d%27en-tête</Filter>
    </ClInclude>
    <ClInclude Include="inputclass.h">
      <Filter>Fichiers d%27en-tête</Filter>
    </ClInclude>
    <ClInclude Include="applicationclass.h">
      <Filter>Fichiers d%27en-tête</Filter>
    </ClInclude>
    <ClInclude Include="shadermanagerclass.h">
      <Filter>Fichiers d%27en-tête</Filter>
    </ClInclude>
    <ClInclude Include="zoneclass.h">
      <Filter>Fichiers d%27en-tête</Filter>
    </ClInclude>
    <ClInclude Include="colorshaderclass.h">
      <Filter>Fichiers d%27en-tête\Shaders</Filter>
    </ClInclude>
    <ClInclude Include="lightshaderclass.h">
      <Filter>Fichiers d%27en-tête\Shaders</Filter>
    </ClInclude>
    <ClInclude Include="textureshaderclass.h">
      <Filter>Fichiers d%27en-tête\Shaders</Filter>
    </ClInclude>
    <ClInclude Include="positionclass.h">
      <Filter>Fichiers d%27en-tête\Elements</Filter>
    </ClInclude>
    <ClInclude Include="lightclass.h">
      <Filter>Fichiers d%27en-tête\Elements</Filter>
    </ClInclude>
    <ClInclude Include="cameraclass.h">
      <Filter>Fichiers d%27en-tête\Elements</Filter>
    </ClInclude>
    <ClInclude Include="textureclass.h">
      <Filter>Fichiers d%27en-tête\Elements</Filter>
    </ClInclude>
    <ClInclude Include="terrainclass.h">
      <Filter>Fichiers d%27en-tête\Elements</Filter>
    </ClInclude>
    <ClInclude Include="diamondSquare.h">
      <Filter>Fichiers d%27en-tête</Filter>
    </ClInclude>
    <ClInclude Include="texturemanagerclass.h">
      <Filter>Fichiers d%27en-tête</Filter>
    </ClInclude>
    <ClInclude Include="timerclass.h">
      <Filter>Fichiers d%27en-tête</Filter>
    </ClInclude>
  </ItemGroup>
  <ItemGroup>
    <None Include="shader\light.ps">
      <Filter>Shaders</Filter>
    </None>
    <None Include="shader\light.vs">
      <Filter>Shaders</Filter>
    </None>
    <None Include="shader\texture.ps">
      <Filter>Shaders</Filter>
    </None>
    <None Include="shader\texture.vs">
      <Filter>Shaders</Filter>
    </None>
    <None Include="shader\color.ps">
      <Filter>Shaders</Filter>
    </None>
    <None Include="shader\color.vs">
      <Filter>Shaders</Filter>
    </None>
  </ItemGroup>
</Project>